
Microsoft Visual Studio Solution File, Format Version 12.00
# Visual Studio Version 16
VisualStudioVersion = 16.0.29613.14
MinimumVisualStudioVersion = 10.0.40219.1
Project("{FAE04EC0-301F-11D3-BF4B-00C04F79EFBC}") = "MheanMaa", "MheanMaa.csproj", "{CE86898E-42F8-4843-ACA6-5F1B5E2715B2}"
EndProject
Global
	GlobalSection(SolutionConfigurationPlatforms) = preSolution
		Debug|Any CPU = Debug|Any CPU
		Release|Any CPU = Release|Any CPU
	EndGlobalSection
	GlobalSection(ProjectConfigurationPlatforms) = postSolution
		{CE86898E-42F8-4843-ACA6-5F1B5E2715B2}.Debug|Any CPU.ActiveCfg = Debug|Any CPU
		{CE86898E-42F8-4843-ACA6-5F1B5E2715B2}.Debug|Any CPU.Build.0 = Debug|Any CPU
		{CE86898E-42F8-4843-ACA6-5F1B5E2715B2}.Release|Any CPU.ActiveCfg = Release|Any CPU
		{CE86898E-42F8-4843-ACA6-5F1B5E2715B2}.Release|Any CPU.Build.0 = Release|Any CPU
	EndGlobalSection
	GlobalSection(SolutionProperties) = preSolution
		HideSolutionNode = FALSE
	EndGlobalSection
	GlobalSection(ExtensibilityGlobals) = postSolution
		SolutionGuid = {DA336CE0-A63D-42AA-AAE6-45C50748C394}
	EndGlobalSection
EndGlobal
